
Microsoft Visual Studio Solution File, Format Version 12.00
# Visual Studio 15
VisualStudioVersion = 15.0.28010.2050
MinimumVisualStudioVersion = 10.0.40219.1
Project("{FAE04EC0-301F-11D3-BF4B-00C04F79EFBC}") = "IsdStrategy", "IsdStrategy\IsdStrategy.csproj", "{6D0FC9E2-AA99-4E35-8FD4-2E69EBCF743A}"
EndProject
Global
	GlobalSection(SolutionConfigurationPlatforms) = preSolution
		Debug|Any CPU = Debug|Any CPU
		Release|Any CPU = Release|Any CPU
	EndGlobalSection
	GlobalSection(ProjectConfigurationPlatforms) = postSolution
		{6D0FC9E2-AA99-4E35-8FD4-2E69EBCF743A}.Debug|Any CPU.ActiveCfg = Debug|Any CPU
		{6D0FC9E2-AA99-4E35-8FD4-2E69EBCF743A}.Debug|Any CPU.Build.0 = Debug|Any CPU
		{6D0FC9E2-AA99-4E35-8FD4-2E69EBCF743A}.Release|Any CPU.ActiveCfg = Release|Any CPU
		{6D0FC9E2-AA99-4E35-8FD4-2E69EBCF743A}.Release|Any CPU.Build.0 = Release|Any CPU
	EndGlobalSection
	GlobalSection(SolutionProperties) = preSolution
		HideSolutionNode = FALSE
	EndGlobalSection
	GlobalSection(ExtensibilityGlobals) = postSolution
		SolutionGuid = {C3E434E3-72DE-46AB-AEEA-79EE155B1AE8}
	EndGlobalSection
EndGlobal
